
Microsoft Visual Studio Solution File, Format Version 12.00
# Visual Studio 14
VisualStudioVersion = 14.0.23107.0
MinimumVisualStudioVersion = 10.0.40219.1
Project("{FAE04EC0-301F-11D3-BF4B-00C04F79EFBC}") = "arduinoUI", "arduinoUI\arduinoUI.csproj", "{FAD03D0F-92D2-4379-9973-1B1EE81D62FF}"
EndProject
Global
	GlobalSection(SolutionConfigurationPlatforms) = preSolution
		Debug|Any CPU = Debug|Any CPU
		Release|Any CPU = Release|Any CPU
	EndGlobalSection
	GlobalSection(ProjectConfigurationPlatforms) = postSolution
		{FAD03D0F-92D2-4379-9973-1B1EE81D62FF}.Debug|Any CPU.ActiveCfg = Debug|Any CPU
		{FAD03D0F-92D2-4379-9973-1B1EE81D62FF}.Debug|Any CPU.Build.0 = Debug|Any CPU
		{FAD03D0F-92D2-4379-9973-1B1EE81D62FF}.Release|Any CPU.ActiveCfg = Release|Any CPU
		{FAD03D0F-92D2-4379-9973-1B1EE81D62FF}.Release|Any CPU.Build.0 = Release|Any CPU
	EndGlobalSection
	GlobalSection(SolutionProperties) = preSolution
		HideSolutionNode = FALSE
	EndGlobalSection
EndGlobal
